
Microsoft Visual Studio Solution File, Format Version 12.00
# Visual Studio Version 17
VisualStudioVersion = 17.7.34009.444
MinimumVisualStudioVersion = 10.0.40219.1
Project("{9A19103F-16F7-4668-BE54-9A1E7A4F7556}") = "AnylandImporter.Tests", "AnylandImporter.Tests\AnylandImporter.Tests.csproj", "{AF311708-9429-4340-98A2-4BD3C7278D7A}"
EndProject
Project("{FAE04EC0-301F-11D3-BF4B-00C04F79EFBC}") = "AnylandImporter.Neos", "AnylandImporter\AnylandImporter.Neos.csproj", "{3476EA65-9DAA-43FE-8CEB-2EA76974EBAE}"
EndProject
Global
	GlobalSection(SolutionConfigurationPlatforms) = preSolution
		Debug|Any CPU = Debug|Any CPU
		Release|Any CPU = Release|Any CPU
	EndGlobalSection
	GlobalSection(ProjectConfigurationPlatforms) = postSolution
		{AF311708-9429-4340-98A2-4BD3C7278D7A}.Debug|Any CPU.ActiveCfg = Debug|Any CPU
		{AF311708-9429-4340-98A2-4BD3C7278D7A}.Debug|Any CPU.Build.0 = Debug|Any CPU
		{AF311708-9429-4340-98A2-4BD3C7278D7A}.Release|Any CPU.ActiveCfg = Release|Any CPU
		{AF311708-9429-4340-98A2-4BD3C7278D7A}.Release|Any CPU.Build.0 = Release|Any CPU
		{3476EA65-9DAA-43FE-8CEB-2EA76974EBAE}.Debug|Any CPU.ActiveCfg = Debug|Any CPU
		{3476EA65-9DAA-43FE-8CEB-2EA76974EBAE}.Debug|Any CPU.Build.0 = Debug|Any CPU
		{3476EA65-9DAA-43FE-8CEB-2EA76974EBAE}.Release|Any CPU.ActiveCfg = Release|Any CPU
		{3476EA65-9DAA-43FE-8CEB-2EA76974EBAE}.Release|Any CPU.Build.0 = Release|Any CPU
	EndGlobalSection
	GlobalSection(SolutionProperties) = preSolution
		HideSolutionNode = FALSE
	EndGlobalSection
	GlobalSection(ExtensibilityGlobals) = postSolution
		SolutionGuid = {6C0D1DCB-61E6-4E69-AA2D-C43FD6CE0303}
	EndGlobalSection
EndGlobal
